// !$*UTF8*$!
{
	archiveVersion = 1;
	classes = {
	};
	objectVersion = 55;
	objects = {

/* Begin PBXBuildFile section */
		385117D028AE7F9B0082CF43 /* Genre.swift in Sources */ = {isa = PBXBuildFile; fileRef = 385117CF28AE7F9B0082CF43 /* Genre.swift */; };
		385117D428AE81BA0082CF43 /* APIConstants.swift in Sources */ = {isa = PBXBuildFile; fileRef = 385117D328AE81BA0082CF43 /* APIConstants.swift */; };
		385117D628AEBB780082CF43 /* GenreCache.swift in Sources */ = {isa = PBXBuildFile; fileRef = 385117D528AEBB780082CF43 /* GenreCache.swift */; };
		385117D828AF27BB0082CF43 /* GenreChipCarouselView.swift in Sources */ = {isa = PBXBuildFile; fileRef = 385117D728AF27BB0082CF43 /* GenreChipCarouselView.swift */; };
		385117DA28B077830082CF43 /* InfoTextView.swift in Sources */ = {isa = PBXBuildFile; fileRef = 385117D928B077830082CF43 /* InfoTextView.swift */; };
		385117E128B117A60082CF43 /* AvenirText.swift in Sources */ = {isa = PBXBuildFile; fileRef = 385117E028B117A60082CF43 /* AvenirText.swift */; };
		387EE6ED28ADDD6B008C9CDE /* MovieListViewModel.swift in Sources */ = {isa = PBXBuildFile; fileRef = 387EE6EC28ADDD6B008C9CDE /* MovieListViewModel.swift */; };
		387EE6EF28ADDDC2008C9CDE /* MovieListView.swift in Sources */ = {isa = PBXBuildFile; fileRef = 387EE6EE28ADDDC2008C9CDE /* MovieListView.swift */; };
		387EE6F128ADDF66008C9CDE /* MovieDetailView.swift in Sources */ = {isa = PBXBuildFile; fileRef = 387EE6F028ADDF66008C9CDE /* MovieDetailView.swift */; };
		387EE6F328ADDF94008C9CDE /* MovieDetailViewModel.swift in Sources */ = {isa = PBXBuildFile; fileRef = 387EE6F228ADDF94008C9CDE /* MovieDetailViewModel.swift */; };
		387EE6F728ADE6C2008C9CDE /* MovieCardView.swift in Sources */ = {isa = PBXBuildFile; fileRef = 387EE6F628ADE6C2008C9CDE /* MovieCardView.swift */; };
		38935CC528B5502000CF8C10 /* View+DeviceOrientation.swift in Sources */ = {isa = PBXBuildFile; fileRef = 38935CC428B5502000CF8C10 /* View+DeviceOrientation.swift */; };
		38935CC728B66BB500CF8C10 /* Utils.swift in Sources */ = {isa = PBXBuildFile; fileRef = 38935CC628B66BB500CF8C10 /* Utils.swift */; };
		38935CD428B6726E00CF8C10 /* MovieDetailViewModelTests.swift in Sources */ = {isa = PBXBuildFile; fileRef = 38935CD328B6726E00CF8C10 /* MovieDetailViewModelTests.swift */; };
		38935CDC28B6761900CF8C10 /* MoviesMock.swift in Sources */ = {isa = PBXBuildFile; fileRef = 38935CDB28B6761900CF8C10 /* MoviesMock.swift */; };
		38935CDE28B67D8B00CF8C10 /* MovieServiceMock.swift in Sources */ = {isa = PBXBuildFile; fileRef = 38935CDD28B67D8B00CF8C10 /* MovieServiceMock.swift */; };
		38935CE028B6BC2D00CF8C10 /* MovieListViewModelTests.swift in Sources */ = {isa = PBXBuildFile; fileRef = 38935CDF28B6BC2D00CF8C10 /* MovieListViewModelTests.swift */; };
		38A0A45128AC04890083EE0F /* MostPopularMoviesApp.swift in Sources */ = {isa = PBXBuildFile; fileRef = 38A0A45028AC04890083EE0F /* MostPopularMoviesApp.swift */; };
		38A0A45528AC048B0083EE0F /* Assets.xcassets in Resources */ = {isa = PBXBuildFile; fileRef = 38A0A45428AC048B0083EE0F /* Assets.xcassets */; };
		38A0A45828AC048B0083EE0F /* Preview Assets.xcassets in Resources */ = {isa = PBXBuildFile; fileRef = 38A0A45728AC048B0083EE0F /* Preview Assets.xcassets */; };
		38A0A46028AC08920083EE0F /* Movie.swift in Sources */ = {isa = PBXBuildFile; fileRef = 38A0A45F28AC08920083EE0F /* Movie.swift */; };
		38A0A46428AD354A0083EE0F /* MovieService.swift in Sources */ = {isa = PBXBuildFile; fileRef = 38A0A46328AD354A0083EE0F /* MovieService.swift */; };
		38E0436A28D507910063F4D2 /* MovieContainer.xcdatamodeld in Sources */ = {isa = PBXBuildFile; fileRef = 38E0436828D507910063F4D2 /* MovieContainer.xcdatamodeld */; };
		38E0437028D508B60063F4D2 /* PersistenceManager.swift in Sources */ = {isa = PBXBuildFile; fileRef = 38E0436F28D508B60063F4D2 /* PersistenceManager.swift */; };
		38E0437528D62FD50063F4D2 /* MovieEntity+CoreDataClass.swift in Sources */ = {isa = PBXBuildFile; fileRef = 38E0437128D62FD50063F4D2 /* MovieEntity+CoreDataClass.swift */; };
		38E0438328D76A7C0063F4D2 /* MovieEntity+CoreDataProperties.swift in Sources */ = {isa = PBXBuildFile; fileRef = 38E0437F28D76A7C0063F4D2 /* MovieEntity+CoreDataProperties.swift */; };
		38E0438428D76A7C0063F4D2 /* GenreEntity+CoreDataClass.swift in Sources */ = {isa = PBXBuildFile; fileRef = 38E0438028D76A7C0063F4D2 /* GenreEntity+CoreDataClass.swift */; };
		38E0438528D76A7C0063F4D2 /* GenreEntity+CoreDataProperties.swift in Sources */ = {isa = PBXBuildFile; fileRef = 38E0438128D76A7C0063F4D2 /* GenreEntity+CoreDataProperties.swift */; };
		38FEFCBB28B3B0380090A7CA /* View+Alert.swift in Sources */ = {isa = PBXBuildFile; fileRef = 38FEFCBA28B3B0380090A7CA /* View+Alert.swift */; };
		38FEFCBD28B3B70D0090A7CA /* LaunchScreen.storyboard in Resources */ = {isa = PBXBuildFile; fileRef = 38FEFCBC28B3B70D0090A7CA /* LaunchScreen.storyboard */; };
/* End PBXBuildFile section */

/* Begin PBXContainerItemProxy section */
		38935CD528B6726E00CF8C10 /* PBXContainerItemProxy */ = {
			isa = PBXContainerItemProxy;
			containerPortal = 38A0A44528AC04890083EE0F /* Project object */;
			proxyType = 1;
			remoteGlobalIDString = 38A0A44C28AC04890083EE0F;
			remoteInfo = MostPopularMovies;
		};
/* End PBXContainerItemProxy section */

/* Begin PBXFileReference section */
		385117CF28AE7F9B0082CF43 /* Genre.swift */ = {isa = PBXFileReference; lastKnownFileType = sourcecode.swift; path = Genre.swift; sourceTree = "<group>"; };
		385117D328AE81BA0082CF43 /* APIConstants.swift */ = {isa = PBXFileReference; lastKnownFileType = sourcecode.swift; path = APIConstants.swift; sourceTree = "<group>"; };
		385117D528AEBB780082CF43 /* GenreCache.swift */ = {isa = PBXFileReference; lastKnownFileType = sourcecode.swift; path = GenreCache.swift; sourceTree = "<group>"; };
		385117D728AF27BB0082CF43 /* GenreChipCarouselView.swift */ = {isa = PBXFileReference; lastKnownFileType = sourcecode.swift; path = GenreChipCarouselView.swift; sourceTree = "<group>"; };
		385117D928B077830082CF43 /* InfoTextView.swift */ = {isa = PBXFileReference; lastKnownFileType = sourcecode.swift; path = InfoTextView.swift; sourceTree = "<group>"; };
		385117E028B117A60082CF43 /* AvenirText.swift */ = {isa = PBXFileReference; lastKnownFileType = sourcecode.swift; path = AvenirText.swift; sourceTree = "<group>"; };
		387EE6EC28ADDD6B008C9CDE /* MovieListViewModel.swift */ = {isa = PBXFileReference; lastKnownFileType = sourcecode.swift; path = MovieListViewModel.swift; sourceTree = "<group>"; };
		387EE6EE28ADDDC2008C9CDE /* MovieListView.swift */ = {isa = PBXFileReference; lastKnownFileType = sourcecode.swift; path = MovieListView.swift; sourceTree = "<group>"; };
		387EE6F028ADDF66008C9CDE /* MovieDetailView.swift */ = {isa = PBXFileReference; lastKnownFileType = sourcecode.swift; path = MovieDetailView.swift; sourceTree = "<group>"; };
		387EE6F228ADDF94008C9CDE /* MovieDetailViewModel.swift */ = {isa = PBXFileReference; lastKnownFileType = sourcecode.swift; path = MovieDetailViewModel.swift; sourceTree = "<group>"; };
		387EE6F628ADE6C2008C9CDE /* MovieCardView.swift */ = {isa = PBXFileReference; lastKnownFileType = sourcecode.swift; path = MovieCardView.swift; sourceTree = "<group>"; };
		38935CC428B5502000CF8C10 /* View+DeviceOrientation.swift */ = {isa = PBXFileReference; lastKnownFileType = sourcecode.swift; path = "View+DeviceOrientation.swift"; sourceTree = "<group>"; };
		38935CC628B66BB500CF8C10 /* Utils.swift */ = {isa = PBXFileReference; lastKnownFileType = sourcecode.swift; path = Utils.swift; sourceTree = "<group>"; };
		38935CD128B6726E00CF8C10 /* MostPopularMoviesTests.xctest */ = {isa = PBXFileReference; explicitFileType = wrapper.cfbundle; includeInIndex = 0; path = MostPopularMoviesTests.xctest; sourceTree = BUILT_PRODUCTS_DIR; };
		38935CD328B6726E00CF8C10 /* MovieDetailViewModelTests.swift */ = {isa = PBXFileReference; lastKnownFileType = sourcecode.swift; path = MovieDetailViewModelTests.swift; sourceTree = "<group>"; };
		38935CDB28B6761900CF8C10 /* MoviesMock.swift */ = {isa = PBXFileReference; lastKnownFileType = sourcecode.swift; path = MoviesMock.swift; sourceTree = "<group>"; };
		38935CDD28B67D8B00CF8C10 /* MovieServiceMock.swift */ = {isa = PBXFileReference; lastKnownFileType = sourcecode.swift; path = MovieServiceMock.swift; sourceTree = "<group>"; };
		38935CDF28B6BC2D00CF8C10 /* MovieListViewModelTests.swift */ = {isa = PBXFileReference; lastKnownFileType = sourcecode.swift; path = MovieListViewModelTests.swift; sourceTree = "<group>"; };
		38A0A44D28AC04890083EE0F /* MostPopularMovies.app */ = {isa = PBXFileReference; explicitFileType = wrapper.application; includeInIndex = 0; path = MostPopularMovies.app; sourceTree = BUILT_PRODUCTS_DIR; };
		38A0A45028AC04890083EE0F /* MostPopularMoviesApp.swift */ = {isa = PBXFileReference; lastKnownFileType = sourcecode.swift; path = MostPopularMoviesApp.swift; sourceTree = "<group>"; };
		38A0A45428AC048B0083EE0F /* Assets.xcassets */ = {isa = PBXFileReference; lastKnownFileType = folder.assetcatalog; path = Assets.xcassets; sourceTree = "<group>"; };
		38A0A45728AC048B0083EE0F /* Preview Assets.xcassets */ = {isa = PBXFileReference; lastKnownFileType = folder.assetcatalog; path = "Preview Assets.xcassets"; sourceTree = "<group>"; };
		38A0A45F28AC08920083EE0F /* Movie.swift */ = {isa = PBXFileReference; lastKnownFileType = sourcecode.swift; path = Movie.swift; sourceTree = "<group>"; };
		38A0A46328AD354A0083EE0F /* MovieService.swift */ = {isa = PBXFileReference; lastKnownFileType = sourcecode.swift; path = MovieService.swift; sourceTree = "<group>"; };
		38E0436928D507910063F4D2 /* MovieContainer.xcdatamodel */ = {isa = PBXFileReference; lastKnownFileType = wrapper.xcdatamodel; path = MovieContainer.xcdatamodel; sourceTree = "<group>"; };
		38E0436F28D508B60063F4D2 /* PersistenceManager.swift */ = {isa = PBXFileReference; lastKnownFileType = sourcecode.swift; path = PersistenceManager.swift; sourceTree = "<group>"; };
		38E0437128D62FD50063F4D2 /* MovieEntity+CoreDataClass.swift */ = {isa = PBXFileReference; lastKnownFileType = sourcecode.swift; path = "MovieEntity+CoreDataClass.swift"; sourceTree = "<group>"; };
		38E0437F28D76A7C0063F4D2 /* MovieEntity+CoreDataProperties.swift */ = {isa = PBXFileReference; lastKnownFileType = sourcecode.swift; path = "MovieEntity+CoreDataProperties.swift"; sourceTree = "<group>"; };
		38E0438028D76A7C0063F4D2 /* GenreEntity+CoreDataClass.swift */ = {isa = PBXFileReference; lastKnownFileType = sourcecode.swift; path = "GenreEntity+CoreDataClass.swift"; sourceTree = "<group>"; };
		38E0438128D76A7C0063F4D2 /* GenreEntity+CoreDataProperties.swift */ = {isa = PBXFileReference; lastKnownFileType = sourcecode.swift; path = "GenreEntity+CoreDataProperties.swift"; sourceTree = "<group>"; };
		38FEFCBA28B3B0380090A7CA /* View+Alert.swift */ = {isa = PBXFileReference; lastKnownFileType = sourcecode.swift; path = "View+Alert.swift"; sourceTree = "<group>"; };
		38FEFCBC28B3B70D0090A7CA /* LaunchScreen.storyboard */ = {isa = PBXFileReference; lastKnownFileType = file.storyboard; path = LaunchScreen.storyboard; sourceTree = "<group>"; };
/* End PBXFileReference section */

/* Begin PBXFrameworksBuildPhase section */
		38935CCE28B6726E00CF8C10 /* Frameworks */ = {
			isa = PBXFrameworksBuildPhase;
			buildActionMask = 2147483647;
			files = (
			);
			runOnlyForDeploymentPostprocessing = 0;
		};
		38A0A44A28AC04890083EE0F /* Frameworks */ = {
			isa = PBXFrameworksBuildPhase;
			buildActionMask = 2147483647;
			files = (
			);
			runOnlyForDeploymentPostprocessing = 0;
		};
/* End PBXFrameworksBuildPhase section */

/* Begin PBXGroup section */
		385117DF28B114920082CF43 /* Shared Components */ = {
			isa = PBXGroup;
			children = (
				385117D928B077830082CF43 /* InfoTextView.swift */,
				385117D728AF27BB0082CF43 /* GenreChipCarouselView.swift */,
				387EE6F628ADE6C2008C9CDE /* MovieCardView.swift */,
				385117E028B117A60082CF43 /* AvenirText.swift */,
			);
			path = "Shared Components";
			sourceTree = "<group>";
		};
		387EE6E628AD8936008C9CDE /* Views */ = {
			isa = PBXGroup;
			children = (
				385117DF28B114920082CF43 /* Shared Components */,
				387EE6EC28ADDD6B008C9CDE /* MovieListViewModel.swift */,
				387EE6EE28ADDDC2008C9CDE /* MovieListView.swift */,
				387EE6F028ADDF66008C9CDE /* MovieDetailView.swift */,
				387EE6F228ADDF94008C9CDE /* MovieDetailViewModel.swift */,
			);
			path = Views;
			sourceTree = "<group>";
		};
		387EE6E928AD954B008C9CDE /* Resorces */ = {
			isa = PBXGroup;
			children = (
				38E0437928D62FFF0063F4D2 /* DataModel */,
				385117D528AEBB780082CF43 /* GenreCache.swift */,
				38935CC628B66BB500CF8C10 /* Utils.swift */,
				38E0436F28D508B60063F4D2 /* PersistenceManager.swift */,
			);
			path = Resorces;
			sourceTree = "<group>";
		};
		38935CD228B6726E00CF8C10 /* MostPopularMoviesTests */ = {
			isa = PBXGroup;
			children = (
				38935CDA28B675D100CF8C10 /* Mock */,
				38935CD328B6726E00CF8C10 /* MovieDetailViewModelTests.swift */,
				38935CDF28B6BC2D00CF8C10 /* MovieListViewModelTests.swift */,
			);
			path = MostPopularMoviesTests;
			sourceTree = "<group>";
		};
		38935CDA28B675D100CF8C10 /* Mock */ = {
			isa = PBXGroup;
			children = (
				38935CDB28B6761900CF8C10 /* MoviesMock.swift */,
				38935CDD28B67D8B00CF8C10 /* MovieServiceMock.swift */,
			);
			path = Mock;
			sourceTree = "<group>";
		};
		38A0A44428AC04890083EE0F = {
			isa = PBXGroup;
			children = (
				38A0A44F28AC04890083EE0F /* MostPopularMovies */,
				38935CD228B6726E00CF8C10 /* MostPopularMoviesTests */,
				38A0A44E28AC04890083EE0F /* Products */,
			);
			sourceTree = "<group>";
		};
		38A0A44E28AC04890083EE0F /* Products */ = {
			isa = PBXGroup;
			children = (
				38A0A44D28AC04890083EE0F /* MostPopularMovies.app */,
				38935CD128B6726E00CF8C10 /* MostPopularMoviesTests.xctest */,
			);
			name = Products;
			sourceTree = "<group>";
		};
		38A0A44F28AC04890083EE0F /* MostPopularMovies */ = {
			isa = PBXGroup;
			children = (
				38FEFCB928B3B01A0090A7CA /* Extensions */,
				387EE6E928AD954B008C9CDE /* Resorces */,
				387EE6E628AD8936008C9CDE /* Views */,
				38A0A46228AD35300083EE0F /* Service */,
				38A0A45E28AC08750083EE0F /* Model */,
				38A0A45028AC04890083EE0F /* MostPopularMoviesApp.swift */,
				38A0A45428AC048B0083EE0F /* Assets.xcassets */,
				38A0A45628AC048B0083EE0F /* Preview Content */,
				38FEFCBC28B3B70D0090A7CA /* LaunchScreen.storyboard */,
				38E0436828D507910063F4D2 /* MovieContainer.xcdatamodeld */,
			);
			path = MostPopularMovies;
			sourceTree = "<group>";
		};
		38A0A45628AC048B0083EE0F /* Preview Content */ = {
			isa = PBXGroup;
			children = (
				38A0A45728AC048B0083EE0F /* Preview Assets.xcassets */,
			);
			path = "Preview Content";
			sourceTree = "<group>";
		};
		38A0A45E28AC08750083EE0F /* Model */ = {
			isa = PBXGroup;
			children = (
				38A0A45F28AC08920083EE0F /* Movie.swift */,
				385117CF28AE7F9B0082CF43 /* Genre.swift */,
			);
			path = Model;
			sourceTree = "<group>";
		};
		38A0A46228AD35300083EE0F /* Service */ = {
			isa = PBXGroup;
			children = (
				38A0A46328AD354A0083EE0F /* MovieService.swift */,
				385117D328AE81BA0082CF43 /* APIConstants.swift */,
			);
			path = Service;
			sourceTree = "<group>";
		};
		38E0437928D62FFF0063F4D2 /* DataModel */ = {
			isa = PBXGroup;
			children = (
				38E0437128D62FD50063F4D2 /* MovieEntity+CoreDataClass.swift */,
				38E0437F28D76A7C0063F4D2 /* MovieEntity+CoreDataProperties.swift */,
				38E0438028D76A7C0063F4D2 /* GenreEntity+CoreDataClass.swift */,
				38E0438128D76A7C0063F4D2 /* GenreEntity+CoreDataProperties.swift */,
			);
			path = DataModel;
			sourceTree = "<group>";
		};
		38FEFCB928B3B01A0090A7CA /* Extensions */ = {
			isa = PBXGroup;
			children = (
				38FEFCBA28B3B0380090A7CA /* View+Alert.swift */,
				38935CC428B5502000CF8C10 /* View+DeviceOrientation.swift */,
			);
			path = Extensions;
			sourceTree = "<group>";
		};
/* End PBXGroup section */

/* Begin PBXNativeTarget section */
		38935CD028B6726E00CF8C10 /* MostPopularMoviesTests */ = {
			isa = PBXNativeTarget;
			buildConfigurationList = 38935CD728B6726E00CF8C10 /* Build configuration list for PBXNativeTarget "MostPopularMoviesTests" */;
			buildPhases = (
				38935CCD28B6726E00CF8C10 /* Sources */,
				38935CCE28B6726E00CF8C10 /* Frameworks */,
				38935CCF28B6726E00CF8C10 /* Resources */,
			);
			buildRules = (
			);
			dependencies = (
				38935CD628B6726E00CF8C10 /* PBXTargetDependency */,
			);
			name = MostPopularMoviesTests;
			productName = MostPopularMoviesTests;
			productReference = 38935CD128B6726E00CF8C10 /* MostPopularMoviesTests.xctest */;
			productType = "com.apple.product-type.bundle.unit-test";
		};
		38A0A44C28AC04890083EE0F /* MostPopularMovies */ = {
			isa = PBXNativeTarget;
			buildConfigurationList = 38A0A45B28AC048B0083EE0F /* Build configuration list for PBXNativeTarget "MostPopularMovies" */;
			buildPhases = (
				38A0A44928AC04890083EE0F /* Sources */,
				38A0A44A28AC04890083EE0F /* Frameworks */,
				38A0A44B28AC04890083EE0F /* Resources */,
			);
			buildRules = (
			);
			dependencies = (
			);
			name = MostPopularMovies;
			productName = MostPopularMovies;
			productReference = 38A0A44D28AC04890083EE0F /* MostPopularMovies.app */;
			productType = "com.apple.product-type.application";
		};
/* End PBXNativeTarget section */

/* Begin PBXProject section */
		38A0A44528AC04890083EE0F /* Project object */ = {
			isa = PBXProject;
			attributes = {
				BuildIndependentTargetsInParallel = 1;
				LastSwiftUpdateCheck = 1340;
				LastUpgradeCheck = 1340;
				TargetAttributes = {
					38935CD028B6726E00CF8C10 = {
						CreatedOnToolsVersion = 13.4.1;
						TestTargetID = 38A0A44C28AC04890083EE0F;
					};
					38A0A44C28AC04890083EE0F = {
						CreatedOnToolsVersion = 13.4.1;
					};
				};
			};
			buildConfigurationList = 38A0A44828AC04890083EE0F /* Build configuration list for PBXProject "MostPopularMovies" */;
			compatibilityVersion = "Xcode 13.0";
			developmentRegion = en;
			hasScannedForEncodings = 0;
			knownRegions = (
				en,
				Base,
			);
			mainGroup = 38A0A44428AC04890083EE0F;
			productRefGroup = 38A0A44E28AC04890083EE0F /* Products */;
			projectDirPath = "";
			projectRoot = "";
			targets = (
				38A0A44C28AC04890083EE0F /* MostPopularMovies */,
				38935CD028B6726E00CF8C10 /* MostPopularMoviesTests */,
			);
		};
/* End PBXProject section */

/* Begin PBXResourcesBuildPhase section */
		38935CCF28B6726E00CF8C10 /* Resources */ = {
			isa = PBXResourcesBuildPhase;
			buildActionMask = 2147483647;
			files = (
			);
			runOnlyForDeploymentPostprocessing = 0;
		};
		38A0A44B28AC04890083EE0F /* Resources */ = {
			isa = PBXResourcesBuildPhase;
			buildActionMask = 2147483647;
			files = (
				38FEFCBD28B3B70D0090A7CA /* LaunchScreen.storyboard in Resources */,
				38A0A45828AC048B0083EE0F /* Preview Assets.xcassets in Resources */,
				38A0A45528AC048B0083EE0F /* Assets.xcassets in Resources */,
			);
			runOnlyForDeploymentPostprocessing = 0;
		};
/* End PBXResourcesBuildPhase section */

/* Begin PBXSourcesBuildPhase section */
		38935CCD28B6726E00CF8C10 /* Sources */ = {
			isa = PBXSourcesBuildPhase;
			buildActionMask = 2147483647;
			files = (
				38935CDC28B6761900CF8C10 /* MoviesMock.swift in Sources */,
				38935CD428B6726E00CF8C10 /* MovieDetailViewModelTests.swift in Sources */,
				38935CDE28B67D8B00CF8C10 /* MovieServiceMock.swift in Sources */,
				38935CE028B6BC2D00CF8C10 /* MovieListViewModelTests.swift in Sources */,
			);
			runOnlyForDeploymentPostprocessing = 0;
		};
		38A0A44928AC04890083EE0F /* Sources */ = {
			isa = PBXSourcesBuildPhase;
			buildActionMask = 2147483647;
			files = (
				387EE6ED28ADDD6B008C9CDE /* MovieListViewModel.swift in Sources */,
				38E0438528D76A7C0063F4D2 /* GenreEntity+CoreDataProperties.swift in Sources */,
				385117D028AE7F9B0082CF43 /* Genre.swift in Sources */,
				385117E128B117A60082CF43 /* AvenirText.swift in Sources */,
				385117D628AEBB780082CF43 /* GenreCache.swift in Sources */,
				38A0A45128AC04890083EE0F /* MostPopularMoviesApp.swift in Sources */,
				385117DA28B077830082CF43 /* InfoTextView.swift in Sources */,
				38E0436A28D507910063F4D2 /* MovieContainer.xcdatamodeld in Sources */,
				38A0A46428AD354A0083EE0F /* MovieService.swift in Sources */,
				38A0A46028AC08920083EE0F /* Movie.swift in Sources */,
				385117D428AE81BA0082CF43 /* APIConstants.swift in Sources */,
				38935CC728B66BB500CF8C10 /* Utils.swift in Sources */,
				38935CC528B5502000CF8C10 /* View+DeviceOrientation.swift in Sources */,
				38E0438328D76A7C0063F4D2 /* MovieEntity+CoreDataProperties.swift in Sources */,
				387EE6F728ADE6C2008C9CDE /* MovieCardView.swift in Sources */,
				387EE6F128ADDF66008C9CDE /* MovieDetailView.swift in Sources */,
				387EE6EF28ADDDC2008C9CDE /* MovieListView.swift in Sources */,
				385117D828AF27BB0082CF43 /* GenreChipCarouselView.swift in Sources */,
				38E0437028D508B60063F4D2 /* PersistenceManager.swift in Sources */,
				38E0438428D76A7C0063F4D2 /* GenreEntity+CoreDataClass.swift in Sources */,
				387EE6F328ADDF94008C9CDE /* MovieDetailViewModel.swift in Sources */,
				38FEFCBB28B3B0380090A7CA /* View+Alert.swift in Sources */,
				38E0437528D62FD50063F4D2 /* MovieEntity+CoreDataClass.swift in Sources */,
			);
			runOnlyForDeploymentPostprocessing = 0;
		};
/* End PBXSourcesBuildPhase section */

/* Begin PBXTargetDependency section */
		38935CD628B6726E00CF8C10 /* PBXTargetDependency */ = {
			isa = PBXTargetDependency;
			target = 38A0A44C28AC04890083EE0F /* MostPopularMovies */;
			targetProxy = 38935CD528B6726E00CF8C10 /* PBXContainerItemProxy */;
		};
/* End PBXTargetDependency section */

/* Begin XCBuildConfiguration section */
		38935CD828B6726E00CF8C10 /* Debug */ = {
			isa = XCBuildConfiguration;
			buildSettings = {
				BUNDLE_LOADER = "$(TEST_HOST)";
				CODE_SIGN_STYLE = Automatic;
				CURRENT_PROJECT_VERSION = 1;
				DEVELOPMENT_TEAM = H6V8C3DS35;
				GENERATE_INFOPLIST_FILE = YES;
				MARKETING_VERSION = 1.0;
				PRODUCT_BUNDLE_IDENTIFIER = isis.MostPopularMoviesTests;
				PRODUCT_NAME = "$(TARGET_NAME)";
				SWIFT_EMIT_LOC_STRINGS = NO;
				SWIFT_VERSION = 5.0;
				TARGETED_DEVICE_FAMILY = "1,2";
				TEST_HOST = "$(BUILT_PRODUCTS_DIR)/MostPopularMovies.app/MostPopularMovies";
			};
			name = Debug;
		};
		38935CD928B6726E00CF8C10 /* Release */ = {
			isa = XCBuildConfiguration;
			buildSettings = {
				BUNDLE_LOADER = "$(TEST_HOST)";
				CODE_SIGN_STYLE = Automatic;
				CURRENT_PROJECT_VERSION = 1;
				DEVELOPMENT_TEAM = H6V8C3DS35;
				GENERATE_INFOPLIST_FILE = YES;
				MARKETING_VERSION = 1.0;
				PRODUCT_BUNDLE_IDENTIFIER = isis.MostPopularMoviesTests;
				PRODUCT_NAME = "$(TARGET_NAME)";
				SWIFT_EMIT_LOC_STRINGS = NO;
				SWIFT_VERSION = 5.0;
				TARGETED_DEVICE_FAMILY = "1,2";
				TEST_HOST = "$(BUILT_PRODUCTS_DIR)/MostPopularMovies.app/MostPopularMovies";
			};
			name = Release;
		};
		38A0A45928AC048B0083EE0F /* Debug */ = {
			isa = XCBuildConfiguration;
			buildSettings = {
				ALWAYS_SEARCH_USER_PATHS = NO;
				CLANG_ANALYZER_NONNULL = YES;
				CLANG_ANALYZER_NUMBER_OBJECT_CONVERSION = YES_AGGRESSIVE;
				CLANG_CXX_LANGUAGE_STANDARD = "gnu++17";
				CLANG_ENABLE_MODULES = YES;
				CLANG_ENABLE_OBJC_ARC = YES;
				CLANG_ENABLE_OBJC_WEAK = YES;
				CLANG_WARN_BLOCK_CAPTURE_AUTORELEASING = YES;
				CLANG_WARN_BOOL_CONVERSION = YES;
				CLANG_WARN_COMMA = YES;
				CLANG_WARN_CONSTANT_CONVERSION = YES;
				CLANG_WARN_DEPRECATED_OBJC_IMPLEMENTATIONS = YES;
				CLANG_WARN_DIRECT_OBJC_ISA_USAGE = YES_ERROR;
				CLANG_WARN_DOCUMENTATION_COMMENTS = YES;
				CLANG_WARN_EMPTY_BODY = YES;
				CLANG_WARN_ENUM_CONVERSION = YES;
				CLANG_WARN_INFINITE_RECURSION = YES;
				CLANG_WARN_INT_CONVERSION = YES;
				CLANG_WARN_NON_LITERAL_NULL_CONVERSION = YES;
				CLANG_WARN_OBJC_IMPLICIT_RETAIN_SELF = YES;
				CLANG_WARN_OBJC_LITERAL_CONVERSION = YES;
				CLANG_WARN_OBJC_ROOT_CLASS = YES_ERROR;
				CLANG_WARN_QUOTED_INCLUDE_IN_FRAMEWORK_HEADER = YES;
				CLANG_WARN_RANGE_LOOP_ANALYSIS = YES;
				CLANG_WARN_STRICT_PROTOTYPES = YES;
				CLANG_WARN_SUSPICIOUS_MOVE = YES;
				CLANG_WARN_UNGUARDED_AVAILABILITY = YES_AGGRESSIVE;
				CLANG_WARN_UNREACHABLE_CODE = YES;
				CLANG_WARN__DUPLICATE_METHOD_MATCH = YES;
				COPY_PHASE_STRIP = NO;
				DEBUG_INFORMATION_FORMAT = dwarf;
				ENABLE_STRICT_OBJC_MSGSEND = YES;
				ENABLE_TESTABILITY = YES;
				GCC_C_LANGUAGE_STANDARD = gnu11;
				GCC_DYNAMIC_NO_PIC = NO;
				GCC_NO_COMMON_BLOCKS = YES;
				GCC_OPTIMIZATION_LEVEL = 0;
				GCC_PREPROCESSOR_DEFINITIONS = (
					"DEBUG=1",
					"$(inherited)",
				);
				GCC_WARN_64_TO_32_BIT_CONVERSION = YES;
				GCC_WARN_ABOUT_RETURN_TYPE = YES_ERROR;
				GCC_WARN_UNDECLARED_SELECTOR = YES;
				GCC_WARN_UNINITIALIZED_AUTOS = YES_AGGRESSIVE;
				GCC_WARN_UNUSED_FUNCTION = YES;
				GCC_WARN_UNUSED_VARIABLE = YES;
				IPHONEOS_DEPLOYMENT_TARGET = 15.5;
				MTL_ENABLE_DEBUG_INFO = INCLUDE_SOURCE;
				MTL_FAST_MATH = YES;
				ONLY_ACTIVE_ARCH = YES;
				SDKROOT = iphoneos;
				SWIFT_ACTIVE_COMPILATION_CONDITIONS = DEBUG;
				SWIFT_OPTIMIZATION_LEVEL = "-Onone";
			};
			name = Debug;
		};
		38A0A45A28AC048B0083EE0F /* Release */ = {
			isa = XCBuildConfiguration;
			buildSettings = {
				ALWAYS_SEARCH_USER_PATHS = NO;
				CLANG_ANALYZER_NONNULL = YES;
				CLANG_ANALYZER_NUMBER_OBJECT_CONVERSION = YES_AGGRESSIVE;
				CLANG_CXX_LANGUAGE_STANDARD = "gnu++17";
				CLANG_ENABLE_MODULES = YES;
				CLANG_ENABLE_OBJC_ARC = YES;
				CLANG_ENABLE_OBJC_WEAK = YES;
				CLANG_WARN_BLOCK_CAPTURE_AUTORELEASING = YES;
				CLANG_WARN_BOOL_CONVERSION = YES;
				CLANG_WARN_COMMA = YES;
				CLANG_WARN_CONSTANT_CONVERSION = YES;
				CLANG_WARN_DEPRECATED_OBJC_IMPLEMENTATIONS = YES;
				CLANG_WARN_DIRECT_OBJC_ISA_USAGE = YES_ERROR;
				CLANG_WARN_DOCUMENTATION_COMMENTS = YES;
				CLANG_WARN_EMPTY_BODY = YES;
				CLANG_WARN_ENUM_CONVERSION = YES;
				CLANG_WARN_INFINITE_RECURSION = YES;
				CLANG_WARN_INT_CONVERSION = YES;
				CLANG_WARN_NON_LITERAL_NULL_CONVERSION = YES;
				CLANG_WARN_OBJC_IMPLICIT_RETAIN_SELF = YES;
				CLANG_WARN_OBJC_LITERAL_CONVERSION = YES;
				CLANG_WARN_OBJC_ROOT_CLASS = YES_ERROR;
				CLANG_WARN_QUOTED_INCLUDE_IN_FRAMEWORK_HEADER = YES;
				CLANG_WARN_RANGE_LOOP_ANALYSIS = YES;
				CLANG_WARN_STRICT_PROTOTYPES = YES;
				CLANG_WARN_SUSPICIOUS_MOVE = YES;
				CLANG_WARN_UNGUARDED_AVAILABILITY = YES_AGGRESSIVE;
				CLANG_WARN_UNREACHABLE_CODE = YES;
				CLANG_WARN__DUPLICATE_METHOD_MATCH = YES;
				COPY_PHASE_STRIP = NO;
				DEBUG_INFORMATION_FORMAT = "dwarf-with-dsym";
				ENABLE_NS_ASSERTIONS = NO;
				ENABLE_STRICT_OBJC_MSGSEND = YES;
				GCC_C_LANGUAGE_STANDARD = gnu11;
				GCC_NO_COMMON_BLOCKS = YES;
				GCC_WARN_64_TO_32_BIT_CONVERSION = YES;
				GCC_WARN_ABOUT_RETURN_TYPE = YES_ERROR;
				GCC_WARN_UNDECLARED_SELECTOR = YES;
				GCC_WARN_UNINITIALIZED_AUTOS = YES_AGGRESSIVE;
				GCC_WARN_UNUSED_FUNCTION = YES;
				GCC_WARN_UNUSED_VARIABLE = YES;
				IPHONEOS_DEPLOYMENT_TARGET = 15.5;
				MTL_ENABLE_DEBUG_INFO = NO;
				MTL_FAST_MATH = YES;
				SDKROOT = iphoneos;
				SWIFT_COMPILATION_MODE = wholemodule;
				SWIFT_OPTIMIZATION_LEVEL = "-O";
				VALIDATE_PRODUCT = YES;
			};
			name = Release;
		};
		38A0A45C28AC048B0083EE0F /* Debug */ = {
			isa = XCBuildConfiguration;
			buildSettings = {
				ASSETCATALOG_COMPILER_APPICON_NAME = AppIcon;
				ASSETCATALOG_COMPILER_GLOBAL_ACCENT_COLOR_NAME = AccentColor;
				ASSETCATALOG_COMPILER_INCLUDE_ALL_APPICON_ASSETS = NO;
				CODE_SIGN_STYLE = Automatic;
				CURRENT_PROJECT_VERSION = 1;
				DEVELOPMENT_ASSET_PATHS = "\"MostPopularMovies/Preview Content\"";
				DEVELOPMENT_TEAM = H6V8C3DS35;
				ENABLE_PREVIEWS = YES;
				GENERATE_INFOPLIST_FILE = YES;
				INFOPLIST_KEY_UIApplicationSceneManifest_Generation = YES;
				INFOPLIST_KEY_UIApplicationSupportsIndirectInputEvents = YES;
				INFOPLIST_KEY_UILaunchScreen_Generation = YES;
				INFOPLIST_KEY_UILaunchStoryboardName = LaunchScreen;
				INFOPLIST_KEY_UISupportedInterfaceOrientations_iPad = "UIInterfaceOrientationPortrait UIInterfaceOrientationPortraitUpsideDown UIInterfaceOrientationLandscapeLeft UIInterfaceOrientationLandscapeRight";
				INFOPLIST_KEY_UISupportedInterfaceOrientations_iPhone = "UIInterfaceOrientationPortrait UIInterfaceOrientationLandscapeLeft UIInterfaceOrientationLandscapeRight";
				LD_RUNPATH_SEARCH_PATHS = (
					"$(inherited)",
					"@executable_path/Frameworks",
				);
				MARKETING_VERSION = 1.0;
				PRODUCT_BUNDLE_IDENTIFIER = isis.MostPopularMovies;
				PRODUCT_NAME = "$(TARGET_NAME)";
				SWIFT_EMIT_LOC_STRINGS = YES;
				SWIFT_VERSION = 5.0;
				TARGETED_DEVICE_FAMILY = 1;
			};
			name = Debug;
		};
		38A0A45D28AC048B0083EE0F /* Release */ = {
			isa = XCBuildConfiguration;
			buildSettings = {
				ASSETCATALOG_COMPILER_APPICON_NAME = AppIcon;
				ASSETCATALOG_COMPILER_GLOBAL_ACCENT_COLOR_NAME = AccentColor;
				ASSETCATALOG_COMPILER_INCLUDE_ALL_APPICON_ASSETS = NO;
				CODE_SIGN_STYLE = Automatic;
				CURRENT_PROJECT_VERSION = 1;
				DEVELOPMENT_ASSET_PATHS = "\"MostPopularMovies/Preview Content\"";
				DEVELOPMENT_TEAM = H6V8C3DS35;
				ENABLE_PREVIEWS = YES;
				GENERATE_INFOPLIST_FILE = YES;
				INFOPLIST_KEY_UIApplicationSceneManifest_Generation = YES;
				INFOPLIST_KEY_UIApplicationSupportsIndirectInputEvents = YES;
				INFOPLIST_KEY_UILaunchScreen_Generation = YES;
				INFOPLIST_KEY_UILaunchStoryboardName = LaunchScreen;
				INFOPLIST_KEY_UISupportedInterfaceOrientations_iPad = "UIInterfaceOrientationPortrait UIInterfaceOrientationPortraitUpsideDown UIInterfaceOrientationLandscapeLeft UIInterfaceOrientationLandscapeRight";
				INFOPLIST_KEY_UISupportedInterfaceOrientations_iPhone = "UIInterfaceOrientationPortrait UIInterfaceOrientationLandscapeLeft UIInterfaceOrientationLandscapeRight";
				LD_RUNPATH_SEARCH_PATHS = (
					"$(inherited)",
					"@executable_path/Frameworks",
				);
				MARKETING_VERSION = 1.0;
				PRODUCT_BUNDLE_IDENTIFIER = isis.MostPopularMovies;
				PRODUCT_NAME = "$(TARGET_NAME)";
				SWIFT_EMIT_LOC_STRINGS = YES;
				SWIFT_VERSION = 5.0;
				TARGETED_DEVICE_FAMILY = 1;
			};
			name = Release;
		};
/* End XCBuildConfiguration section */

/* Begin XCConfigurationList section */
		38935CD728B6726E00CF8C10 /* Build configuration list for PBXNativeTarget "MostPopularMoviesTests" */ = {
			isa = XCConfigurationList;
			buildConfigurations = (
				38935CD828B6726E00CF8C10 /* Debug */,
				38935CD928B6726E00CF8C10 /* Release */,
			);
			defaultConfigurationIsVisible = 0;
			defaultConfigurationName = Release;
		};
		38A0A44828AC04890083EE0F /* Build configuration list for PBXProject "MostPopularMovies" */ = {
			isa = XCConfigurationList;
			buildConfigurations = (
				38A0A45928AC048B0083EE0F /* Debug */,
				38A0A45A28AC048B0083EE0F /* Release */,
			);
			defaultConfigurationIsVisible = 0;
			defaultConfigurationName = Release;
		};
		38A0A45B28AC048B0083EE0F /* Build configuration list for PBXNativeTarget "MostPopularMovies" */ = {
			isa = XCConfigurationList;
			buildConfigurations = (
				38A0A45C28AC048B0083EE0F /* Debug */,
				38A0A45D28AC048B0083EE0F /* Release */,
			);
			defaultConfigurationIsVisible = 0;
			defaultConfigurationName = Release;
		};
/* End XCConfigurationList section */

/* Begin XCVersionGroup section */
		38E0436828D507910063F4D2 /* MovieContainer.xcdatamodeld */ = {
			isa = XCVersionGroup;
			children = (
				38E0436928D507910063F4D2 /* MovieContainer.xcdatamodel */,
			);
			currentVersion = 38E0436928D507910063F4D2 /* MovieContainer.xcdatamodel */;
			path = MovieContainer.xcdatamodeld;
			sourceTree = "<group>";
			versionGroupType = wrapper.xcdatamodel;
		};
/* End XCVersionGroup section */
	};
	rootObject = 38A0A44528AC04890083EE0F /* Project object */;
}
